{
  "version": 4,
  "terraform_version": "1.2.8",
  "serial": 9,
  "lineage": "e416a2d5-3ba9-1fbf-1d6b-2c6e1875a090",
  "outputs": {},
  "resources": [
    {
      "mode": "managed",
      "type": "azurerm_linux_virtual_machine_scale_set",
      "name": "rs-1",
      "provider": "provider[\"registry.terraform.io/hashicorp/azurerm\"]",
      "instances": [
        {
          "schema_version": 0,
          "attributes": {
            "additional_capabilities": [],
            "admin_password": null,
            "admin_ssh_key": [
              {
                "public_key": "ssh-rsa AAAAB3NzaC1yc2EAAAADAQABAAABgQDgFZ0b5e2XxYTr5C122ltzPrfxTTThabvnJc9ZivN6TE6wO8wEr9QeQ6q6Ge3/nrrsMgO3LSdWmLulreRIGn2oghfovR0ElLRfPIavE6OetkWymb1uY+hyNWO5O6XMbg1BTNJeZMaWVU7r+1FcEIKnJRb8pxcm02ZxW9+MZARiTrJcjjxc4Jxq9WMSe82Mq4WLPXF4Xy//BlhTDUWu2aQMnzTyCmReIPqUSHOjX7cigX1qdvNaEfMpFOKA5IklpFtYK5wquCmzNMW82BnZNOceuT3e6DCI3mGqT6hXk+ihojT77rq94hMvUV+6wctzWcAWb/MCcUsGZv4PUW8cFn04KvezyZoBWIvSaZ+5rN3fVlmeQ2raetf6WbHEcRkvzwsgS80I68+pHltP02WoVQRB7gI7km/Po6aTPE/O9XrxrnOm2mlqtGJVEKB0u02+88UPbS5YwWZXL/BGsIB1sL+7jaumRbFONHLsuUNsuAtZc/v8KVikAWPpcwXUEEFAnvU= generated-by-azure",
                "username": "azureuser"
              }
            ],
            "admin_username": "azureuser",
            "automatic_instance_repair": [
              {
                "enabled": false,
                "grace_period": "PT30M"
              }
            ],
            "automatic_os_upgrade_policy": [],
            "boot_diagnostics": [
              {
                "storage_account_uri": ""
              }
            ],
            "computer_name_prefix": "aronvmss0",
            "custom_data": null,
            "data_disk": [],
            "disable_password_authentication": true,
            "do_not_run_extensions_on_overprovisioned_machines": false,
            "edge_zone": "",
            "encryption_at_host_enabled": false,
            "eviction_policy": "",
            "extension": [],
            "extensions_time_budget": "PT1H30M",
            "health_probe_id": "",
            "id": "/subscriptions/9e3563c4-308c-4388-b2e5-f7c44b4ba061/resourceGroups/agellen-euw/providers/Microsoft.Compute/virtualMachineScaleSets/aronVmss01",
            "identity": [],
            "instances": 0,
            "location": "westeurope",
            "max_bid_price": -1,
            "name": "aronVmss01",
            "network_interface": [
              {
                "dns_servers": [],
                "enable_accelerated_networking": true,
                "enable_ip_forwarding": false,
                "ip_configuration": [
                  {
                    "application_gateway_backend_address_pool_ids": null,
                    "application_security_group_ids": null,
                    "load_balancer_backend_address_pool_ids": null,
                    "load_balancer_inbound_nat_rules_ids": null,
                    "name": "euw-dev-196-secarch-learnedroutes-nic01-defaultIpConfiguration",
                    "primary": true,
                    "public_ip_address": [],
                    "subnet_id": "/subscriptions/9e3563c4-308c-4388-b2e5-f7c44b4ba061/resourceGroups/euw-dev-196-secarch-net/providers/Microsoft.Network/virtualNetworks/euw-dev-196-secarch-learnedroutes/subnets/euw-dev-196-secarch-application",
                    "version": "IPv4"
                  }
                ],
                "name": "euw-dev-196-secarch-learnedroutes-nic01",
                "network_security_group_id": "/subscriptions/9e3563c4-308c-4388-b2e5-f7c44b4ba061/resourceGroups/agellen-euw/providers/Microsoft.Network/networkSecurityGroups/basicNsgeuw-dev-196-secarch-learnedroutes-nic01",
                "primary": true
              }
            ],
            "os_disk": [
              {
                "caching": "ReadWrite",
                "diff_disk_settings": [],
                "disk_encryption_set_id": "",
                "disk_size_gb": 30,
                "storage_account_type": "Premium_LRS",
                "write_accelerator_enabled": false
              }
            ],
            "overprovision": false,
            "plan": [],
            "platform_fault_domain_count": 1,
            "priority": "Regular",
            "provision_vm_agent": true,
            "proximity_placement_group_id": "",
            "resource_group_name": "agellen-euw",
            "rolling_upgrade_policy": [],
            "scale_in_policy": "Default",
            "secret": [],
            "secure_boot_enabled": false,
            "single_placement_group": false,
            "sku": "Standard_D2s_v3",
            "source_image_id": "",
            "source_image_reference": [
              {
                "offer": "0001-com-ubuntu-server-focal",
                "publisher": "canonical",
                "sku": "20_04-lts-gen2",
                "version": "latest"
              }
            ],
            "tags": {
              "sub_type": "dev_test",
              "team_number": "196"
            },
            "terminate_notification": null,
            "timeouts": null,
            "unique_id": "ea2685a3-ed30-42aa-9941-57cac32b06e1",
            "upgrade_mode": "Manual",
            "user_data": "",
            "vtpm_enabled": false,
            "zone_balance": false,
            "zones": null
          },
          "sensitive_attributes": [],
          "private": "eyJlMmJmYjczMC1lY2FhLTExZTYtOGY4OC0zNDM2M2JjN2M0YzAiOnsiY3JlYXRlIjozNjAwMDAwMDAwMDAwLCJkZWxldGUiOjM2MDAwMDAwMDAwMDAsInJlYWQiOjMwMDAwMDAwMDAwMCwidXBkYXRlIjozNjAwMDAwMDAwMDAwfX0=",
          "dependencies": [
            "azurerm_resource_group.rg-1"
          ]
        }
      ]
    },
    {
      "mode": "managed",
      "type": "azurerm_resource_group",
      "name": "rg-1",
      "provider": "provider[\"registry.terraform.io/hashicorp/azurerm\"]",
      "instances": [
        {
          "schema_version": 0,
          "attributes": {
            "id": "/subscriptions/9e3563c4-308c-4388-b2e5-f7c44b4ba061/resourceGroups/agellen-euw",
            "location": "westeurope",
            "name": "agellen-euw",
            "tags": {
              "sub_type": "dev_test",
              "team_number": "196"
            },
            "timeouts": {
              "create": null,
              "delete": null,
              "read": null,
              "update": null
            }
          },
          "sensitive_attributes": [],
          "private": "eyJlMmJmYjczMC1lY2FhLTExZTYtOGY4OC0zNDM2M2JjN2M0YzAiOnsiY3JlYXRlIjo1NDAwMDAwMDAwMDAwLCJkZWxldGUiOjU0MDAwMDAwMDAwMDAsInJlYWQiOjMwMDAwMDAwMDAwMCwidXBkYXRlIjo1NDAwMDAwMDAwMDAwfSwic2NoZW1hX3ZlcnNpb24iOiIwIn0="
        }
      ]
    }
  ]
}
